
Microsoft Visual Studio Solution File, Format Version 12.00
# Visual Studio Version 17
VisualStudioVersion = 17.0.31903.59
MinimumVisualStudioVersion = 10.0.40219.1
Project("{9A19103F-16F7-4668-BE54-9A1E7A4F7556}") = "SmartSchool.API", "SmartSchool.API\SmartSchool.API.csproj", "{D252A84F-4F75-4DE4-ADFA-4AF44C16F24A}"
EndProject
Global
	GlobalSection(SolutionConfigurationPlatforms) = preSolution
		Debug|Any CPU = Debug|Any CPU
		Release|Any CPU = Release|Any CPU
	EndGlobalSection
	GlobalSection(ProjectConfigurationPlatforms) = postSolution
		{D252A84F-4F75-4DE4-ADFA-4AF44C16F24A}.Debug|Any CPU.ActiveCfg = Debug|Any CPU
		{D252A84F-4F75-4DE4-ADFA-4AF44C16F24A}.Debug|Any CPU.Build.0 = Debug|Any CPU
		{D252A84F-4F75-4DE4-ADFA-4AF44C16F24A}.Release|Any CPU.ActiveCfg = Release|Any CPU
		{D252A84F-4F75-4DE4-ADFA-4AF44C16F24A}.Release|Any CPU.Build.0 = Release|Any CPU
	EndGlobalSection
	GlobalSection(SolutionProperties) = preSolution
		HideSolutionNode = FALSE
	EndGlobalSection
	GlobalSection(ExtensibilityGlobals) = postSolution
		SolutionGuid = {0BF051DA-9C69-4258-B6FE-5CA42F9354EA}
	EndGlobalSection
EndGlobal
